
Microsoft Visual Studio Solution File, Format Version 12.00
# Visual Studio 15
VisualStudioVersion = 15.0.27703.2035
MinimumVisualStudioVersion = 10.0.40219.1
Project("{9A19103F-16F7-4668-BE54-9A1E7A4F7556}") = "dotnet-ver", "dotnet-ver\dotnet-ver.csproj", "{EBBA362F-CA71-472C-946D-DC6725F279D6}"
EndProject
Global
	GlobalSection(SolutionConfigurationPlatforms) = preSolution
		Debug|Any CPU = Debug|Any CPU
		Release|Any CPU = Release|Any CPU
	EndGlobalSection
	GlobalSection(ProjectConfigurationPlatforms) = postSolution
		{EBBA362F-CA71-472C-946D-DC6725F279D6}.Debug|Any CPU.ActiveCfg = Debug|Any CPU
		{EBBA362F-CA71-472C-946D-DC6725F279D6}.Debug|Any CPU.Build.0 = Debug|Any CPU
		{EBBA362F-CA71-472C-946D-DC6725F279D6}.Release|Any CPU.ActiveCfg = Release|Any CPU
		{EBBA362F-CA71-472C-946D-DC6725F279D6}.Release|Any CPU.Build.0 = Release|Any CPU
	EndGlobalSection
	GlobalSection(SolutionProperties) = preSolution
		HideSolutionNode = FALSE
	EndGlobalSection
	GlobalSection(ExtensibilityGlobals) = postSolution
		SolutionGuid = {28517EBC-A3B1-4B9F-B89F-0900EF561D27}
	EndGlobalSection
EndGlobal
